
Microsoft Visual Studio Solution File, Format Version 10.00
# Visual Studio 2008
Project("{FAE04EC0-301F-11D3-BF4B-00C04F79EFBC}") = "010.Irony", "Irony\010.Irony.csproj", "{D81F5C91-D7DB-46E5-BC99-49488FB6814C}"
EndProject
Project("{FAE04EC0-301F-11D3-BF4B-00C04F79EFBC}") = "020.Irony.Samples", "Irony.Samples\020.Irony.Samples.csproj", "{AD263C0B-99D3-40A9-9DBF-9086CC524A0B}"
EndProject
Project("{FAE04EC0-301F-11D3-BF4B-00C04F79EFBC}") = "030.Irony.GrammarExplorer", "Irony.GrammarExplorer\030.Irony.GrammarExplorer.csproj", "{AE1C04A8-B03D-4144-98E9-BF66C50265E7}"
EndProject
Project("{FAE04EC0-301F-11D3-BF4B-00C04F79EFBC}") = "040.Irony.Tests", "Irony.Tests\040.Irony.Tests.csproj", "{0CFA8CEE-0110-49C1-93E5-CB7BE3A5716B}"
EndProject
Project("{2150E333-8FDC-42A3-9474-1A3956D46DE8}") = "Solution Items", "Solution Items", "{05F0AC0D-AD43-45B4-8A98-00C54CF5280D}"
	ProjectSection(SolutionItems) = preProject
		ReadMe.txt = ReadMe.txt
	EndProjectSection
EndProject
Project("{FAE04EC0-301F-11D3-BF4B-00C04F79EFBC}") = "025.Irony.Samples.Console", "Irony.Samples.Console\025.Irony.Samples.Console.csproj", "{5A31B964-CDFA-4406-9316-32A0F04CE149}"
EndProject
Project("{FAE04EC0-301F-11D3-BF4B-00C04F79EFBC}") = "100.IronySilverlight", "Irony\100.IronySilverlight.csproj", "{B945A137-E4C4-4DD5-9598-261F466549FE}"
EndProject
Global
	GlobalSection(TeamFoundationVersionControl) = preSolution
		SccNumberOfProjects = 7
		SccEnterpriseProvider = {4CA58AB2-18FA-4F8D-95D4-32DDF27D184C}
		SccTeamFoundationServer = https://tfs05.codeplex.com/
		SccLocalPath0 = .
		SccProjectUniqueName1 = Irony\\010.Irony.csproj
		SccProjectName1 = Irony
		SccLocalPath1 = Irony
		SccProjectUniqueName2 = Irony.Samples\\020.Irony.Samples.csproj
		SccProjectName2 = Irony.Samples
		SccLocalPath2 = Irony.Samples
		SccProjectUniqueName3 = Irony.GrammarExplorer\\030.Irony.GrammarExplorer.csproj
		SccProjectName3 = Irony.GrammarExplorer
		SccLocalPath3 = Irony.GrammarExplorer
		SccProjectUniqueName4 = Irony.Tests\\040.Irony.Tests.csproj
		SccProjectName4 = Irony.Tests
		SccLocalPath4 = Irony.Tests
		SccProjectUniqueName5 = Irony.Samples.Console\\025.Irony.Samples.Console.csproj
		SccProjectName5 = Irony.Samples.Console
		SccLocalPath5 = Irony.Samples.Console
		SccProjectUniqueName6 = Irony\\100.IronySilverlight.csproj
		SccProjectName6 = Irony
		SccLocalPath6 = Irony
	EndGlobalSection
	GlobalSection(SolutionConfigurationPlatforms) = preSolution
		Debug|Any CPU = Debug|Any CPU
		FxCop|Any CPU = FxCop|Any CPU
		Release|Any CPU = Release|Any CPU
		Silverlight Debug|Any CPU = Silverlight Debug|Any CPU
		Silverlight Release|Any CPU = Silverlight Release|Any CPU
		SpecSharp|Any CPU = SpecSharp|Any CPU
	EndGlobalSection
	GlobalSection(ProjectConfigurationPlatforms) = postSolution
		{D81F5C91-D7DB-46E5-BC99-49488FB6814C}.Debug|Any CPU.ActiveCfg = Debug|Any CPU
		{D81F5C91-D7DB-46E5-BC99-49488FB6814C}.Debug|Any CPU.Build.0 = Debug|Any CPU
		{D81F5C91-D7DB-46E5-BC99-49488FB6814C}.FxCop|Any CPU.ActiveCfg = Release|Any CPU
		{D81F5C91-D7DB-46E5-BC99-49488FB6814C}.FxCop|Any CPU.Build.0 = Release|Any CPU
		{D81F5C91-D7DB-46E5-BC99-49488FB6814C}.Release|Any CPU.ActiveCfg = Release|Any CPU
		{D81F5C91-D7DB-46E5-BC99-49488FB6814C}.Release|Any CPU.Build.0 = Release|Any CPU
		{D81F5C91-D7DB-46E5-BC99-49488FB6814C}.Silverlight Debug|Any CPU.ActiveCfg = Debug|Any CPU
		{D81F5C91-D7DB-46E5-BC99-49488FB6814C}.Silverlight Debug|Any CPU.Build.0 = Debug|Any CPU
		{D81F5C91-D7DB-46E5-BC99-49488FB6814C}.Silverlight Release|Any CPU.ActiveCfg = Release|Any CPU
		{D81F5C91-D7DB-46E5-BC99-49488FB6814C}.Silverlight Release|Any CPU.Build.0 = Release|Any CPU
		{D81F5C91-D7DB-46E5-BC99-49488FB6814C}.SpecSharp|Any CPU.ActiveCfg = Release|Any CPU
		{D81F5C91-D7DB-46E5-BC99-49488FB6814C}.SpecSharp|Any CPU.Build.0 = Release|Any CPU
		{AD263C0B-99D3-40A9-9DBF-9086CC524A0B}.Debug|Any CPU.ActiveCfg = Debug|Any CPU
		{AD263C0B-99D3-40A9-9DBF-9086CC524A0B}.Debug|Any CPU.Build.0 = Debug|Any CPU
		{AD263C0B-99D3-40A9-9DBF-9086CC524A0B}.FxCop|Any CPU.ActiveCfg = Release|Any CPU
		{AD263C0B-99D3-40A9-9DBF-9086CC524A0B}.FxCop|Any CPU.Build.0 = Release|Any CPU
		{AD263C0B-99D3-40A9-9DBF-9086CC524A0B}.Release|Any CPU.ActiveCfg = Release|Any CPU
		{AD263C0B-99D3-40A9-9DBF-9086CC524A0B}.Release|Any CPU.Build.0 = Release|Any CPU
		{AD263C0B-99D3-40A9-9DBF-9086CC524A0B}.Silverlight Debug|Any CPU.ActiveCfg = Debug|Any CPU
		{AD263C0B-99D3-40A9-9DBF-9086CC524A0B}.Silverlight Debug|Any CPU.Build.0 = Debug|Any CPU
		{AD263C0B-99D3-40A9-9DBF-9086CC524A0B}.Silverlight Release|Any CPU.ActiveCfg = Release|Any CPU
		{AD263C0B-99D3-40A9-9DBF-9086CC524A0B}.Silverlight Release|Any CPU.Build.0 = Release|Any CPU
		{AD263C0B-99D3-40A9-9DBF-9086CC524A0B}.SpecSharp|Any CPU.ActiveCfg = Release|Any CPU
		{AD263C0B-99D3-40A9-9DBF-9086CC524A0B}.SpecSharp|Any CPU.Build.0 = Release|Any CPU
		{AE1C04A8-B03D-4144-98E9-BF66C50265E7}.Debug|Any CPU.ActiveCfg = Debug|Any CPU
		{AE1C04A8-B03D-4144-98E9-BF66C50265E7}.Debug|Any CPU.Build.0 = Debug|Any CPU
		{AE1C04A8-B03D-4144-98E9-BF66C50265E7}.FxCop|Any CPU.ActiveCfg = Release|Any CPU
		{AE1C04A8-B03D-4144-98E9-BF66C50265E7}.FxCop|Any CPU.Build.0 = Release|Any CPU
		{AE1C04A8-B03D-4144-98E9-BF66C50265E7}.Release|Any CPU.ActiveCfg = Release|Any CPU
		{AE1C04A8-B03D-4144-98E9-BF66C50265E7}.Release|Any CPU.Build.0 = Release|Any CPU
		{AE1C04A8-B03D-4144-98E9-BF66C50265E7}.Silverlight Debug|Any CPU.ActiveCfg = Debug|Any CPU
		{AE1C04A8-B03D-4144-98E9-BF66C50265E7}.Silverlight Debug|Any CPU.Build.0 = Debug|Any CPU
		{AE1C04A8-B03D-4144-98E9-BF66C50265E7}.Silverlight Release|Any CPU.ActiveCfg = Release|Any CPU
		{AE1C04A8-B03D-4144-98E9-BF66C50265E7}.Silverlight Release|Any CPU.Build.0 = Release|Any CPU
		{AE1C04A8-B03D-4144-98E9-BF66C50265E7}.SpecSharp|Any CPU.ActiveCfg = Release|Any CPU
		{AE1C04A8-B03D-4144-98E9-BF66C50265E7}.SpecSharp|Any CPU.Build.0 = Release|Any CPU
		{0CFA8CEE-0110-49C1-93E5-CB7BE3A5716B}.Debug|Any CPU.ActiveCfg = Debug|Any CPU
		{0CFA8CEE-0110-49C1-93E5-CB7BE3A5716B}.Debug|Any CPU.Build.0 = Debug|Any CPU
		{0CFA8CEE-0110-49C1-93E5-CB7BE3A5716B}.FxCop|Any CPU.ActiveCfg = Release|Any CPU
		{0CFA8CEE-0110-49C1-93E5-CB7BE3A5716B}.FxCop|Any CPU.Build.0 = Release|Any CPU
		{0CFA8CEE-0110-49C1-93E5-CB7BE3A5716B}.Release|Any CPU.ActiveCfg = Release|Any CPU
		{0CFA8CEE-0110-49C1-93E5-CB7BE3A5716B}.Silverlight Debug|Any CPU.ActiveCfg = Debug|Any CPU
		{0CFA8CEE-0110-49C1-93E5-CB7BE3A5716B}.Silverlight Debug|Any CPU.Build.0 = Debug|Any CPU
		{0CFA8CEE-0110-49C1-93E5-CB7BE3A5716B}.Silverlight Release|Any CPU.ActiveCfg = Release|Any CPU
		{0CFA8CEE-0110-49C1-93E5-CB7BE3A5716B}.Silverlight Release|Any CPU.Build.0 = Release|Any CPU
		{0CFA8CEE-0110-49C1-93E5-CB7BE3A5716B}.SpecSharp|Any CPU.ActiveCfg = Release|Any CPU
		{0CFA8CEE-0110-49C1-93E5-CB7BE3A5716B}.SpecSharp|Any CPU.Build.0 = Release|Any CPU
		{5A31B964-CDFA-4406-9316-32A0F04CE149}.Debug|Any CPU.ActiveCfg = Debug|Any CPU
		{5A31B964-CDFA-4406-9316-32A0F04CE149}.Debug|Any CPU.Build.0 = Debug|Any CPU
		{5A31B964-CDFA-4406-9316-32A0F04CE149}.FxCop|Any CPU.ActiveCfg = Release|Any CPU
		{5A31B964-CDFA-4406-9316-32A0F04CE149}.FxCop|Any CPU.Build.0 = Release|Any CPU
		{5A31B964-CDFA-4406-9316-32A0F04CE149}.Release|Any CPU.ActiveCfg = Release|Any CPU
		{5A31B964-CDFA-4406-9316-32A0F04CE149}.Release|Any CPU.Build.0 = Release|Any CPU
		{5A31B964-CDFA-4406-9316-32A0F04CE149}.Silverlight Debug|Any CPU.ActiveCfg = Debug|Any CPU
		{5A31B964-CDFA-4406-9316-32A0F04CE149}.Silverlight Debug|Any CPU.Build.0 = Debug|Any CPU
		{5A31B964-CDFA-4406-9316-32A0F04CE149}.Silverlight Release|Any CPU.ActiveCfg = Release|Any CPU
		{5A31B964-CDFA-4406-9316-32A0F04CE149}.Silverlight Release|Any CPU.Build.0 = Release|Any CPU
		{5A31B964-CDFA-4406-9316-32A0F04CE149}.SpecSharp|Any CPU.ActiveCfg = Release|Any CPU
		{5A31B964-CDFA-4406-9316-32A0F04CE149}.SpecSharp|Any CPU.Build.0 = Release|Any CPU
		{B945A137-E4C4-4DD5-9598-261F466549FE}.Debug|Any CPU.ActiveCfg = Debug|Any CPU
		{B945A137-E4C4-4DD5-9598-261F466549FE}.FxCop|Any CPU.ActiveCfg = Release|Any CPU
		{B945A137-E4C4-4DD5-9598-261F466549FE}.FxCop|Any CPU.Build.0 = Release|Any CPU
		{B945A137-E4C4-4DD5-9598-261F466549FE}.Release|Any CPU.ActiveCfg = Release|Any CPU
		{B945A137-E4C4-4DD5-9598-261F466549FE}.Release|Any CPU.Build.0 = Release|Any CPU
		{B945A137-E4C4-4DD5-9598-261F466549FE}.Silverlight Debug|Any CPU.ActiveCfg = Debug|Any CPU
		{B945A137-E4C4-4DD5-9598-261F466549FE}.Silverlight Debug|Any CPU.Build.0 = Debug|Any CPU
		{B945A137-E4C4-4DD5-9598-261F466549FE}.Silverlight Release|Any CPU.ActiveCfg = Release|Any CPU
		{B945A137-E4C4-4DD5-9598-261F466549FE}.Silverlight Release|Any CPU.Build.0 = Release|Any CPU
		{B945A137-E4C4-4DD5-9598-261F466549FE}.SpecSharp|Any CPU.ActiveCfg = Release|Any CPU
		{B945A137-E4C4-4DD5-9598-261F466549FE}.SpecSharp|Any CPU.Build.0 = Release|Any CPU
	EndGlobalSection
	GlobalSection(SolutionProperties) = preSolution
		HideSolutionNode = FALSE
	EndGlobalSection
EndGlobal
