
Microsoft Visual Studio Solution File, Format Version 10.00
# Visual Studio 2008
Project("{2150E333-8FDC-42A3-9474-1A3956D46DE8}") = "Solution Items", "Solution Items", "{64EF478E-7535-46A8-9047-5EBA5EFBF13E}"
	ProjectSection(SolutionItems) = preProject
		License.txt = License.txt
		LocalTestRun.testrunconfig = LocalTestRun.testrunconfig
		ReadMe.txt = ReadMe.txt
	EndProjectSection
EndProject
Project("{FAE04EC0-301F-11D3-BF4B-00C04F79EFBC}") = "010.Irony", "Irony\010.Irony.csproj", "{D81F5C91-D7DB-46E5-BC99-49488FB6814C}"
EndProject
Project("{FAE04EC0-301F-11D3-BF4B-00C04F79EFBC}") = "020.Irony.Samples", "Irony.Samples\020.Irony.Samples.csproj", "{AD263C0B-99D3-40A9-9DBF-9086CC524A0B}"
EndProject
Project("{FAE04EC0-301F-11D3-BF4B-00C04F79EFBC}") = "030.Irony.GrammarExplorer", "Irony.GrammarExplorer\030.Irony.GrammarExplorer.csproj", "{AE1C04A8-B03D-4144-98E9-BF66C50265E7}"
EndProject
Project("{FAE04EC0-301F-11D3-BF4B-00C04F79EFBC}") = "040.Irony.Tests", "Irony.Tests\040.Irony.Tests.csproj", "{0CFA8CEE-0110-49C1-93E5-CB7BE3A5716B}"
EndProject
Project("{FAE04EC0-301F-11D3-BF4B-00C04F79EFBC}") = "050.Irony.Tutorial", "Irony.Tutorial\050.Irony.Tutorial.csproj", "{337C8662-3622-4AD9-8CFF-E7D9E437EA27}"
EndProject
Global
	GlobalSection(SolutionConfigurationPlatforms) = preSolution
		Debug|Any CPU = Debug|Any CPU
		FxCop|Any CPU = FxCop|Any CPU
		Release|Any CPU = Release|Any CPU
		Silverlight Debug|Any CPU = Silverlight Debug|Any CPU
		Silverlight Release|Any CPU = Silverlight Release|Any CPU
		SpecSharp|Any CPU = SpecSharp|Any CPU
	EndGlobalSection
	GlobalSection(ProjectConfigurationPlatforms) = postSolution
		{D81F5C91-D7DB-46E5-BC99-49488FB6814C}.Debug|Any CPU.ActiveCfg = Debug|Any CPU
		{D81F5C91-D7DB-46E5-BC99-49488FB6814C}.Debug|Any CPU.Build.0 = Debug|Any CPU
		{D81F5C91-D7DB-46E5-BC99-49488FB6814C}.FxCop|Any CPU.ActiveCfg = Release|Any CPU
		{D81F5C91-D7DB-46E5-BC99-49488FB6814C}.FxCop|Any CPU.Build.0 = Release|Any CPU
		{D81F5C91-D7DB-46E5-BC99-49488FB6814C}.Release|Any CPU.ActiveCfg = Release|Any CPU
		{D81F5C91-D7DB-46E5-BC99-49488FB6814C}.Release|Any CPU.Build.0 = Release|Any CPU
		{D81F5C91-D7DB-46E5-BC99-49488FB6814C}.Silverlight Debug|Any CPU.ActiveCfg = Debug|Any CPU
		{D81F5C91-D7DB-46E5-BC99-49488FB6814C}.Silverlight Debug|Any CPU.Build.0 = Debug|Any CPU
		{D81F5C91-D7DB-46E5-BC99-49488FB6814C}.Silverlight Release|Any CPU.ActiveCfg = Release|Any CPU
		{D81F5C91-D7DB-46E5-BC99-49488FB6814C}.Silverlight Release|Any CPU.Build.0 = Release|Any CPU
		{D81F5C91-D7DB-46E5-BC99-49488FB6814C}.SpecSharp|Any CPU.ActiveCfg = Release|Any CPU
		{D81F5C91-D7DB-46E5-BC99-49488FB6814C}.SpecSharp|Any CPU.Build.0 = Release|Any CPU
		{AD263C0B-99D3-40A9-9DBF-9086CC524A0B}.Debug|Any CPU.ActiveCfg = Debug|Any CPU
		{AD263C0B-99D3-40A9-9DBF-9086CC524A0B}.Debug|Any CPU.Build.0 = Debug|Any CPU
		{AD263C0B-99D3-40A9-9DBF-9086CC524A0B}.FxCop|Any CPU.ActiveCfg = Release|Any CPU
		{AD263C0B-99D3-40A9-9DBF-9086CC524A0B}.FxCop|Any CPU.Build.0 = Release|Any CPU
		{AD263C0B-99D3-40A9-9DBF-9086CC524A0B}.Release|Any CPU.ActiveCfg = Release|Any CPU
		{AD263C0B-99D3-40A9-9DBF-9086CC524A0B}.Release|Any CPU.Build.0 = Release|Any CPU
		{AD263C0B-99D3-40A9-9DBF-9086CC524A0B}.Silverlight Debug|Any CPU.ActiveCfg = Debug|Any CPU
		{AD263C0B-99D3-40A9-9DBF-9086CC524A0B}.Silverlight Debug|Any CPU.Build.0 = Debug|Any CPU
		{AD263C0B-99D3-40A9-9DBF-9086CC524A0B}.Silverlight Release|Any CPU.ActiveCfg = Release|Any CPU
		{AD263C0B-99D3-40A9-9DBF-9086CC524A0B}.Silverlight Release|Any CPU.Build.0 = Release|Any CPU
		{AD263C0B-99D3-40A9-9DBF-9086CC524A0B}.SpecSharp|Any CPU.ActiveCfg = Release|Any CPU
		{AD263C0B-99D3-40A9-9DBF-9086CC524A0B}.SpecSharp|Any CPU.Build.0 = Release|Any CPU
		{AE1C04A8-B03D-4144-98E9-BF66C50265E7}.Debug|Any CPU.ActiveCfg = Debug|Any CPU
		{AE1C04A8-B03D-4144-98E9-BF66C50265E7}.Debug|Any CPU.Build.0 = Debug|Any CPU
		{AE1C04A8-B03D-4144-98E9-BF66C50265E7}.FxCop|Any CPU.ActiveCfg = Release|Any CPU
		{AE1C04A8-B03D-4144-98E9-BF66C50265E7}.FxCop|Any CPU.Build.0 = Release|Any CPU
		{AE1C04A8-B03D-4144-98E9-BF66C50265E7}.Release|Any CPU.ActiveCfg = Release|Any CPU
		{AE1C04A8-B03D-4144-98E9-BF66C50265E7}.Release|Any CPU.Build.0 = Release|Any CPU
		{AE1C04A8-B03D-4144-98E9-BF66C50265E7}.Silverlight Debug|Any CPU.ActiveCfg = Debug|Any CPU
		{AE1C04A8-B03D-4144-98E9-BF66C50265E7}.Silverlight Debug|Any CPU.Build.0 = Debug|Any CPU
		{AE1C04A8-B03D-4144-98E9-BF66C50265E7}.Silverlight Release|Any CPU.ActiveCfg = Release|Any CPU
		{AE1C04A8-B03D-4144-98E9-BF66C50265E7}.Silverlight Release|Any CPU.Build.0 = Release|Any CPU
		{AE1C04A8-B03D-4144-98E9-BF66C50265E7}.SpecSharp|Any CPU.ActiveCfg = Release|Any CPU
		{AE1C04A8-B03D-4144-98E9-BF66C50265E7}.SpecSharp|Any CPU.Build.0 = Release|Any CPU
		{0CFA8CEE-0110-49C1-93E5-CB7BE3A5716B}.Debug|Any CPU.ActiveCfg = Debug|Any CPU
		{0CFA8CEE-0110-49C1-93E5-CB7BE3A5716B}.Debug|Any CPU.Build.0 = Debug|Any CPU
		{0CFA8CEE-0110-49C1-93E5-CB7BE3A5716B}.FxCop|Any CPU.ActiveCfg = Release|Any CPU
		{0CFA8CEE-0110-49C1-93E5-CB7BE3A5716B}.FxCop|Any CPU.Build.0 = Release|Any CPU
		{0CFA8CEE-0110-49C1-93E5-CB7BE3A5716B}.Release|Any CPU.ActiveCfg = Release|Any CPU
		{0CFA8CEE-0110-49C1-93E5-CB7BE3A5716B}.Release|Any CPU.Build.0 = Release|Any CPU
		{0CFA8CEE-0110-49C1-93E5-CB7BE3A5716B}.Silverlight Debug|Any CPU.ActiveCfg = Debug|Any CPU
		{0CFA8CEE-0110-49C1-93E5-CB7BE3A5716B}.Silverlight Debug|Any CPU.Build.0 = Debug|Any CPU
		{0CFA8CEE-0110-49C1-93E5-CB7BE3A5716B}.Silverlight Release|Any CPU.ActiveCfg = Release|Any CPU
		{0CFA8CEE-0110-49C1-93E5-CB7BE3A5716B}.Silverlight Release|Any CPU.Build.0 = Release|Any CPU
		{0CFA8CEE-0110-49C1-93E5-CB7BE3A5716B}.SpecSharp|Any CPU.ActiveCfg = Release|Any CPU
		{0CFA8CEE-0110-49C1-93E5-CB7BE3A5716B}.SpecSharp|Any CPU.Build.0 = Release|Any CPU
		{337C8662-3622-4AD9-8CFF-E7D9E437EA27}.Debug|Any CPU.ActiveCfg = Debug|Any CPU
		{337C8662-3622-4AD9-8CFF-E7D9E437EA27}.Debug|Any CPU.Build.0 = Debug|Any CPU
		{337C8662-3622-4AD9-8CFF-E7D9E437EA27}.FxCop|Any CPU.ActiveCfg = Release|Any CPU
		{337C8662-3622-4AD9-8CFF-E7D9E437EA27}.FxCop|Any CPU.Build.0 = Release|Any CPU
		{337C8662-3622-4AD9-8CFF-E7D9E437EA27}.Release|Any CPU.ActiveCfg = Release|Any CPU
		{337C8662-3622-4AD9-8CFF-E7D9E437EA27}.Release|Any CPU.Build.0 = Release|Any CPU
		{337C8662-3622-4AD9-8CFF-E7D9E437EA27}.Silverlight Debug|Any CPU.ActiveCfg = Debug|Any CPU
		{337C8662-3622-4AD9-8CFF-E7D9E437EA27}.Silverlight Debug|Any CPU.Build.0 = Debug|Any CPU
		{337C8662-3622-4AD9-8CFF-E7D9E437EA27}.Silverlight Release|Any CPU.ActiveCfg = Release|Any CPU
		{337C8662-3622-4AD9-8CFF-E7D9E437EA27}.Silverlight Release|Any CPU.Build.0 = Release|Any CPU
		{337C8662-3622-4AD9-8CFF-E7D9E437EA27}.SpecSharp|Any CPU.ActiveCfg = Release|Any CPU
		{337C8662-3622-4AD9-8CFF-E7D9E437EA27}.SpecSharp|Any CPU.Build.0 = Release|Any CPU
	EndGlobalSection
	GlobalSection(SolutionProperties) = preSolution
		HideSolutionNode = FALSE
	EndGlobalSection
EndGlobal
